<?xml version="1.0" encoding="utf-8"?>
<Project ToolsVersion="4.0" xmlns="http://schemas.microsoft.com/developer/msbuild/2003">
  <ItemGroup>
    <Filter Include="Source Files">
      <UniqueIdentifier>{4FC737F1-C7A5-4376-A066-2A32D752A2FF}</UniqueIdentifier>
      <Extensions>cpp;c;cc;cxx;def;odl;idl;hpj;bat;asm;asmx</Extensions>
    </Filter>
    <Filter Include="Header Files">
      <UniqueIdentifier>{93995380-89BD-4b04-88EB-625FBE52EBFB}</UniqueIdentifier>
      <Extensions>h;hh;hpp;hxx;hm;inl;inc;ipp;xsd</Extensions>
    </Filter>
    <Filter Include="Resource Files">
      <UniqueIdentifier>{67DA6AB6-F800-4c08-8B7A-83BB121AAD01}</UniqueIdentifier>
      <Extensions>rc;ico;cur;bmp;dlg;rc2;rct;bin;rgs;gif;jpg;jpeg;jpe;resx;tiff;tif;png;wav;mfcribbon-ms</Extensions>
    </Filter>
  </ItemGroup>
  <ItemGroup>
    <ClCompile Include="singleton.cpp">
      <Filter>Source Files</Filter>
    </ClCompile>
    <ClCompile Include="tree_interface.cpp">
      <Filter>Source Files</Filter>
    </ClCompile>
    <ClCompile Include="adapter.cpp">
      <Filter>Source Files</Filter>
    </ClCompile>
    <ClCompile Include="binary_tree_iterator.cpp">
      <Filter>Source Files</Filter>
    </ClCompile>
    <ClCompile Include="chain_of_responsibility.cpp">
      <Filter>Source Files</Filter>
    </ClCompile>
    <ClCompile Include="command.cpp">
      <Filter>Source Files</Filter>
    </ClCompile>
    <ClCompile Include="cor_broker.cpp">
      <Filter>Source Files</Filter>
    </ClCompile>
    <ClCompile Include="function_decorator.cpp">
      <Filter>Source Files</Filter>
    </ClCompile>
    <ClCompile Include="game_object_visitor.cpp">
      <Filter>Source Files</Filter>
    </ClCompile>
    <ClCompile Include="interpreter.cpp">
      <Filter>Source Files</Filter>
    </ClCompile>
    <ClCompile Include="mediator.cpp">
      <Filter>Source Files</Filter>
    </ClCompile>
    <ClCompile Include="observer.cpp">
      <Filter>Source Files</Filter>
    </ClCompile>
    <ClCompile Include="observer_inotify.cpp">
      <Filter>Source Files</Filter>
    </ClCompile>
    <ClCompile Include="state.cpp">
      <Filter>Source Files</Filter>
    </ClCompile>
    <ClCompile Include="strategy_dynamic.cpp">
      <Filter>Source Files</Filter>
    </ClCompile>
    <ClCompile Include="strategy_static.cpp">
      <Filter>Source Files</Filter>
    </ClCompile>
    <ClCompile Include="template_method.cpp">
      <Filter>Source Files</Filter>
    </ClCompile>
    <ClCompile Include="visitor.cpp">
      <Filter>Source Files</Filter>
    </ClCompile>
    <ClCompile Include="composite.cpp">
      <Filter>Source Files</Filter>
    </ClCompile>
    <ClCompile Include="geometry_composite.cpp">
      <Filter>Source Files</Filter>
    </ClCompile>
    <ClCompile Include="person.h">
      <Filter>Source Files</Filter>
    </ClCompile>
    <ClCompile Include="person.cpp">
      <Filter>Source Files</Filter>
    </ClCompile>
    <ClCompile Include="structural.cpp">
      <Filter>Source Files</Filter>
    </ClCompile>
    <ClCompile Include="bridge_renderer.cpp">
      <Filter>Source Files</Filter>
    </ClCompile>
    <ClCompile Include="func_decorator.cpp">
      <Filter>Source Files</Filter>
    </ClCompile>
    <ClCompile Include="two_sun.cpp">
      <Filter>Source Files</Filter>
    </ClCompile>
    <ClCompile Include="longest_substring.cpp">
      <Filter>Source Files</Filter>
    </ClCompile>
    <ClCompile Include="nearest_steak.cpp">
      <Filter>Source Files</Filter>
    </ClCompile>
    <ClCompile Include="primeair.cpp">
      <Filter>Source Files</Filter>
    </ClCompile>
    <ClCompile Include="amazon_songs.cpp">
      <Filter>Source Files</Filter>
    </ClCompile>
    <ClCompile Include="amazon_songs_2.cpp">
      <Filter>Source Files</Filter>
    </ClCompile>
    <ClCompile Include="amazon_distribution.cpp">
      <Filter>Source Files</Filter>
    </ClCompile>
    <ClCompile Include="amaz_dist.cpp">
      <Filter>Source Files</Filter>
    </ClCompile>
    <ClCompile Include="non-negative-integer.cpp">
      <Filter>Source Files</Filter>
    </ClCompile>
    <ClCompile Include="stack_commands.cpp">
      <Filter>Source Files</Filter>
    </ClCompile>
    <ClCompile Include="specific_sentence_size.cpp">
      <Filter>Source Files</Filter>
    </ClCompile>
    <ClCompile Include="extractDigits.cpp">
      <Filter>Source Files</Filter>
    </ClCompile>
    <ClCompile Include="longest_palindrome.cpp">
      <Filter>Source Files</Filter>
    </ClCompile>
    <ClCompile Include="zigzag.cpp">
      <Filter>Source Files</Filter>
    </ClCompile>
    <ClCompile Include="chat_server.cpp">
      <Filter>Source Files</Filter>
    </ClCompile>
    <ClCompile Include="shared_state.cpp">
      <Filter>Source Files</Filter>
    </ClCompile>
    <ClCompile Include="websocket_session.cpp">
      <Filter>Source Files</Filter>
    </ClCompile>
    <ClCompile Include="listener.cpp">
      <Filter>Source Files</Filter>
    </ClCompile>
    <ClCompile Include="http_session.cpp">
      <Filter>Source Files</Filter>
    </ClCompile>
  </ItemGroup>
  <ItemGroup>
    <ClInclude Include="ChatRoom.hpp">
      <Filter>Header Files</Filter>
    </ClInclude>
    <ClInclude Include="model.hpp">
      <Filter>Header Files</Filter>
    </ClInclude>
    <ClInclude Include="Person.hpp">
      <Filter>Header Files</Filter>
    </ClInclude>
    <ClInclude Include="visitor.hpp">
      <Filter>Header Files</Filter>
    </ClInclude>
    <ClInclude Include="websocket_session.hpp">
      <Filter>Header Files</Filter>
    </ClInclude>
    <ClInclude Include="beast_support.hpp">
      <Filter>Header Files</Filter>
    </ClInclude>
    <ClInclude Include="shared_state.hpp">
      <Filter>Header Files</Filter>
    </ClInclude>
    <ClInclude Include="network.hpp">
      <Filter>Header Files</Filter>
    </ClInclude>
    <ClInclude Include="listener.hpp">
      <Filter>Header Files</Filter>
    </ClInclude>
    <ClInclude Include="http_session.hpp">
      <Filter>Header Files</Filter>
    </ClInclude>
  </ItemGroup>
</Project>